
Microsoft Visual Studio Solution File, Format Version 12.00
# Visual Studio Version 16
VisualStudioVersion = 16.0.30002.166
MinimumVisualStudioVersion = 10.0.40219.1
Project("{FAE04EC0-301F-11D3-BF4B-00C04F79EFBC}") = "ParametrosOpcionales1", "ParametrosOpcionales1.csproj", "{71BD20C4-A4C1-4F15-A732-2DCAFDA64B80}"
EndProject
Global
	GlobalSection(SolutionConfigurationPlatforms) = preSolution
		Debug|Any CPU = Debug|Any CPU
		Release|Any CPU = Release|Any CPU
	EndGlobalSection
	GlobalSection(ProjectConfigurationPlatforms) = postSolution
		{71BD20C4-A4C1-4F15-A732-2DCAFDA64B80}.Debug|Any CPU.ActiveCfg = Debug|Any CPU
		{71BD20C4-A4C1-4F15-A732-2DCAFDA64B80}.Debug|Any CPU.Build.0 = Debug|Any CPU
		{71BD20C4-A4C1-4F15-A732-2DCAFDA64B80}.Release|Any CPU.ActiveCfg = Release|Any CPU
		{71BD20C4-A4C1-4F15-A732-2DCAFDA64B80}.Release|Any CPU.Build.0 = Release|Any CPU
	EndGlobalSection
	GlobalSection(SolutionProperties) = preSolution
		HideSolutionNode = FALSE
	EndGlobalSection
	GlobalSection(ExtensibilityGlobals) = postSolution
		SolutionGuid = {66A345EF-84E9-4036-9E6D-E4C5A139B49F}
	EndGlobalSection
EndGlobal
