
Microsoft Visual Studio Solution File, Format Version 12.00
# Visual Studio Version 16
VisualStudioVersion = 16.0.30002.166
MinimumVisualStudioVersion = 10.0.40219.1
Project("{FAE04EC0-301F-11D3-BF4B-00C04F79EFBC}") = "WindowsFormsApp1", "WindowsFormsApp1\WindowsFormsApp1.csproj", "{52FE9C40-5EDD-4355-A417-5D179304C357}"
EndProject
Global
	GlobalSection(SolutionConfigurationPlatforms) = preSolution
		Debug|Any CPU = Debug|Any CPU
		Release|Any CPU = Release|Any CPU
	EndGlobalSection
	GlobalSection(ProjectConfigurationPlatforms) = postSolution
		{52FE9C40-5EDD-4355-A417-5D179304C357}.Debug|Any CPU.ActiveCfg = Debug|Any CPU
		{52FE9C40-5EDD-4355-A417-5D179304C357}.Debug|Any CPU.Build.0 = Debug|Any CPU
		{52FE9C40-5EDD-4355-A417-5D179304C357}.Release|Any CPU.ActiveCfg = Release|Any CPU
		{52FE9C40-5EDD-4355-A417-5D179304C357}.Release|Any CPU.Build.0 = Release|Any CPU
	EndGlobalSection
	GlobalSection(SolutionProperties) = preSolution
		HideSolutionNode = FALSE
	EndGlobalSection
	GlobalSection(ExtensibilityGlobals) = postSolution
		SolutionGuid = {5C563CDF-C9C9-4105-BB7E-A74D74C840FD}
	EndGlobalSection
EndGlobal
