
Microsoft Visual Studio Solution File, Format Version 12.00
# Visual Studio Version 16
VisualStudioVersion = 16.0.30002.166
MinimumVisualStudioVersion = 10.0.40219.1
Project("{FAE04EC0-301F-11D3-BF4B-00C04F79EFBC}") = "PruebaVectorParalelo", "PruebaVectorParalelo\PruebaVectorParalelo.csproj", "{3ADAE44E-E65C-4B74-98F6-1FBFAACA82D6}"
EndProject
Global
	GlobalSection(SolutionConfigurationPlatforms) = preSolution
		Debug|Any CPU = Debug|Any CPU
		Release|Any CPU = Release|Any CPU
	EndGlobalSection
	GlobalSection(ProjectConfigurationPlatforms) = postSolution
		{3ADAE44E-E65C-4B74-98F6-1FBFAACA82D6}.Debug|Any CPU.ActiveCfg = Debug|Any CPU
		{3ADAE44E-E65C-4B74-98F6-1FBFAACA82D6}.Debug|Any CPU.Build.0 = Debug|Any CPU
		{3ADAE44E-E65C-4B74-98F6-1FBFAACA82D6}.Release|Any CPU.ActiveCfg = Release|Any CPU
		{3ADAE44E-E65C-4B74-98F6-1FBFAACA82D6}.Release|Any CPU.Build.0 = Release|Any CPU
	EndGlobalSection
	GlobalSection(SolutionProperties) = preSolution
		HideSolutionNode = FALSE
	EndGlobalSection
	GlobalSection(ExtensibilityGlobals) = postSolution
		SolutionGuid = {EACC6A94-1F7A-480B-BCD5-C329A42F6CF0}
	EndGlobalSection
EndGlobal
