
Microsoft Visual Studio Solution File, Format Version 12.00
# Visual Studio Version 16
VisualStudioVersion = 16.0.30104.148
MinimumVisualStudioVersion = 10.0.40219.1
Project("{FAE04EC0-301F-11D3-BF4B-00C04F79EFBC}") = "PruebaExcepcion6", "PruebaExcepcion6.csproj", "{32D8957A-6905-42FC-A1B5-71DB52E1BDE8}"
EndProject
Global
	GlobalSection(SolutionConfigurationPlatforms) = preSolution
		Debug|Any CPU = Debug|Any CPU
		Release|Any CPU = Release|Any CPU
	EndGlobalSection
	GlobalSection(ProjectConfigurationPlatforms) = postSolution
		{32D8957A-6905-42FC-A1B5-71DB52E1BDE8}.Debug|Any CPU.ActiveCfg = Debug|Any CPU
		{32D8957A-6905-42FC-A1B5-71DB52E1BDE8}.Debug|Any CPU.Build.0 = Debug|Any CPU
		{32D8957A-6905-42FC-A1B5-71DB52E1BDE8}.Release|Any CPU.ActiveCfg = Release|Any CPU
		{32D8957A-6905-42FC-A1B5-71DB52E1BDE8}.Release|Any CPU.Build.0 = Release|Any CPU
	EndGlobalSection
	GlobalSection(SolutionProperties) = preSolution
		HideSolutionNode = FALSE
	EndGlobalSection
	GlobalSection(ExtensibilityGlobals) = postSolution
		SolutionGuid = {5C33E0BF-1266-45BD-A593-7D297924172F}
	EndGlobalSection
EndGlobal
