
Microsoft Visual Studio Solution File, Format Version 12.00
# Visual Studio Version 16
VisualStudioVersion = 16.0.30002.166
MinimumVisualStudioVersion = 10.0.40219.1
Project("{FAE04EC0-301F-11D3-BF4B-00C04F79EFBC}") = "PruebaConstructor2", "PruebaConstructor2\PruebaConstructor2.csproj", "{07ECE575-94E5-46EB-A464-945D4CC25B08}"
EndProject
Global
	GlobalSection(SolutionConfigurationPlatforms) = preSolution
		Debug|Any CPU = Debug|Any CPU
		Release|Any CPU = Release|Any CPU
	EndGlobalSection
	GlobalSection(ProjectConfigurationPlatforms) = postSolution
		{07ECE575-94E5-46EB-A464-945D4CC25B08}.Debug|Any CPU.ActiveCfg = Debug|Any CPU
		{07ECE575-94E5-46EB-A464-945D4CC25B08}.Debug|Any CPU.Build.0 = Debug|Any CPU
		{07ECE575-94E5-46EB-A464-945D4CC25B08}.Release|Any CPU.ActiveCfg = Release|Any CPU
		{07ECE575-94E5-46EB-A464-945D4CC25B08}.Release|Any CPU.Build.0 = Release|Any CPU
	EndGlobalSection
	GlobalSection(SolutionProperties) = preSolution
		HideSolutionNode = FALSE
	EndGlobalSection
	GlobalSection(ExtensibilityGlobals) = postSolution
		SolutionGuid = {081ACF16-0CCE-43A0-94B4-57637F432E14}
	EndGlobalSection
EndGlobal
