
Microsoft Visual Studio Solution File, Format Version 12.00
# Visual Studio Version 16
VisualStudioVersion = 16.0.30104.148
MinimumVisualStudioVersion = 10.0.40219.1
Project("{FAE04EC0-301F-11D3-BF4B-00C04F79EFBC}") = "PruebaExcepcion8", "PruebaExcepcion8.csproj", "{E7ED691A-350A-45E5-AA9A-DC9F6F3ED36B}"
EndProject
Global
	GlobalSection(SolutionConfigurationPlatforms) = preSolution
		Debug|Any CPU = Debug|Any CPU
		Release|Any CPU = Release|Any CPU
	EndGlobalSection
	GlobalSection(ProjectConfigurationPlatforms) = postSolution
		{E7ED691A-350A-45E5-AA9A-DC9F6F3ED36B}.Debug|Any CPU.ActiveCfg = Debug|Any CPU
		{E7ED691A-350A-45E5-AA9A-DC9F6F3ED36B}.Debug|Any CPU.Build.0 = Debug|Any CPU
		{E7ED691A-350A-45E5-AA9A-DC9F6F3ED36B}.Release|Any CPU.ActiveCfg = Release|Any CPU
		{E7ED691A-350A-45E5-AA9A-DC9F6F3ED36B}.Release|Any CPU.Build.0 = Release|Any CPU
	EndGlobalSection
	GlobalSection(SolutionProperties) = preSolution
		HideSolutionNode = FALSE
	EndGlobalSection
	GlobalSection(ExtensibilityGlobals) = postSolution
		SolutionGuid = {D4D4B8BB-7FFC-4EA1-B43E-E6F9033C5CF1}
	EndGlobalSection
EndGlobal
