
Microsoft Visual Studio Solution File, Format Version 12.00
# Visual Studio Version 16
VisualStudioVersion = 16.0.30002.166
MinimumVisualStudioVersion = 10.0.40219.1
Project("{FAE04EC0-301F-11D3-BF4B-00C04F79EFBC}") = "ContadorHasta100", "ContadorHasta100\ContadorHasta100.csproj", "{BB8D19CB-A74F-486B-BC5A-DE4F8A7383A7}"
EndProject
Global
	GlobalSection(SolutionConfigurationPlatforms) = preSolution
		Debug|Any CPU = Debug|Any CPU
		Release|Any CPU = Release|Any CPU
	EndGlobalSection
	GlobalSection(ProjectConfigurationPlatforms) = postSolution
		{BB8D19CB-A74F-486B-BC5A-DE4F8A7383A7}.Debug|Any CPU.ActiveCfg = Debug|Any CPU
		{BB8D19CB-A74F-486B-BC5A-DE4F8A7383A7}.Debug|Any CPU.Build.0 = Debug|Any CPU
		{BB8D19CB-A74F-486B-BC5A-DE4F8A7383A7}.Release|Any CPU.ActiveCfg = Release|Any CPU
		{BB8D19CB-A74F-486B-BC5A-DE4F8A7383A7}.Release|Any CPU.Build.0 = Release|Any CPU
	EndGlobalSection
	GlobalSection(SolutionProperties) = preSolution
		HideSolutionNode = FALSE
	EndGlobalSection
	GlobalSection(ExtensibilityGlobals) = postSolution
		SolutionGuid = {F3444446-AFCA-49F0-BF18-C36C47835F59}
	EndGlobalSection
EndGlobal
