
Microsoft Visual Studio Solution File, Format Version 12.00
# Visual Studio Version 16
VisualStudioVersion = 16.0.30104.148
MinimumVisualStudioVersion = 10.0.40219.1
Project("{FAE04EC0-301F-11D3-BF4B-00C04F79EFBC}") = "PruebaExcepcion9", "PruebaExcepcion9.csproj", "{36FFB173-03AB-49F9-833E-79B673E25A50}"
EndProject
Global
	GlobalSection(SolutionConfigurationPlatforms) = preSolution
		Debug|Any CPU = Debug|Any CPU
		Release|Any CPU = Release|Any CPU
	EndGlobalSection
	GlobalSection(ProjectConfigurationPlatforms) = postSolution
		{36FFB173-03AB-49F9-833E-79B673E25A50}.Debug|Any CPU.ActiveCfg = Debug|Any CPU
		{36FFB173-03AB-49F9-833E-79B673E25A50}.Debug|Any CPU.Build.0 = Debug|Any CPU
		{36FFB173-03AB-49F9-833E-79B673E25A50}.Release|Any CPU.ActiveCfg = Release|Any CPU
		{36FFB173-03AB-49F9-833E-79B673E25A50}.Release|Any CPU.Build.0 = Release|Any CPU
	EndGlobalSection
	GlobalSection(SolutionProperties) = preSolution
		HideSolutionNode = FALSE
	EndGlobalSection
	GlobalSection(ExtensibilityGlobals) = postSolution
		SolutionGuid = {C10FEC36-391E-43EF-8E6A-F37BC20D894A}
	EndGlobalSection
EndGlobal
