
Microsoft Visual Studio Solution File, Format Version 12.00
# Visual Studio Version 16
VisualStudioVersion = 16.0.30309.148
MinimumVisualStudioVersion = 10.0.40219.1
Project("{FAE04EC0-301F-11D3-BF4B-00C04F79EFBC}") = "FuncionesVirtualesOverrideSealed", "FuncionesVirtualesOverrideSealed\FuncionesVirtualesOverrideSealed.csproj", "{AFD0FF12-E487-41B0-B87D-F3E150349C93}"
EndProject
Global
	GlobalSection(SolutionConfigurationPlatforms) = preSolution
		Debug|Any CPU = Debug|Any CPU
		Release|Any CPU = Release|Any CPU
	EndGlobalSection
	GlobalSection(ProjectConfigurationPlatforms) = postSolution
		{AFD0FF12-E487-41B0-B87D-F3E150349C93}.Debug|Any CPU.ActiveCfg = Debug|Any CPU
		{AFD0FF12-E487-41B0-B87D-F3E150349C93}.Debug|Any CPU.Build.0 = Debug|Any CPU
		{AFD0FF12-E487-41B0-B87D-F3E150349C93}.Release|Any CPU.ActiveCfg = Release|Any CPU
		{AFD0FF12-E487-41B0-B87D-F3E150349C93}.Release|Any CPU.Build.0 = Release|Any CPU
	EndGlobalSection
	GlobalSection(SolutionProperties) = preSolution
		HideSolutionNode = FALSE
	EndGlobalSection
	GlobalSection(ExtensibilityGlobals) = postSolution
		SolutionGuid = {A3A66A17-8C65-4E23-B392-69B5EC54820A}
	EndGlobalSection
EndGlobal
