
Microsoft Visual Studio Solution File, Format Version 12.00
# Visual Studio Version 16
VisualStudioVersion = 16.0.30104.148
MinimumVisualStudioVersion = 10.0.40219.1
Project("{FAE04EC0-301F-11D3-BF4B-00C04F79EFBC}") = "Genericos1", "Genericos1.csproj", "{E33C3AE0-9F56-4F05-AB4E-D4807811D8A9}"
EndProject
Global
	GlobalSection(SolutionConfigurationPlatforms) = preSolution
		Debug|Any CPU = Debug|Any CPU
		Release|Any CPU = Release|Any CPU
	EndGlobalSection
	GlobalSection(ProjectConfigurationPlatforms) = postSolution
		{E33C3AE0-9F56-4F05-AB4E-D4807811D8A9}.Debug|Any CPU.ActiveCfg = Debug|Any CPU
		{E33C3AE0-9F56-4F05-AB4E-D4807811D8A9}.Debug|Any CPU.Build.0 = Debug|Any CPU
		{E33C3AE0-9F56-4F05-AB4E-D4807811D8A9}.Release|Any CPU.ActiveCfg = Release|Any CPU
		{E33C3AE0-9F56-4F05-AB4E-D4807811D8A9}.Release|Any CPU.Build.0 = Release|Any CPU
	EndGlobalSection
	GlobalSection(SolutionProperties) = preSolution
		HideSolutionNode = FALSE
	EndGlobalSection
	GlobalSection(ExtensibilityGlobals) = postSolution
		SolutionGuid = {DC21564E-FFA9-43FA-ADC9-8EA3A02075AB}
	EndGlobalSection
EndGlobal
