
Microsoft Visual Studio Solution File, Format Version 12.00
# Visual Studio Version 16
VisualStudioVersion = 16.0.30104.148
MinimumVisualStudioVersion = 10.0.40219.1
Project("{FAE04EC0-301F-11D3-BF4B-00C04F79EFBC}") = "SobrecargaConstructor1", "SobrecargaConstructor1.csproj", "{C6B9D0CC-3416-4161-9AA8-183A584EA823}"
EndProject
Global
	GlobalSection(SolutionConfigurationPlatforms) = preSolution
		Debug|Any CPU = Debug|Any CPU
		Release|Any CPU = Release|Any CPU
	EndGlobalSection
	GlobalSection(ProjectConfigurationPlatforms) = postSolution
		{C6B9D0CC-3416-4161-9AA8-183A584EA823}.Debug|Any CPU.ActiveCfg = Debug|Any CPU
		{C6B9D0CC-3416-4161-9AA8-183A584EA823}.Debug|Any CPU.Build.0 = Debug|Any CPU
		{C6B9D0CC-3416-4161-9AA8-183A584EA823}.Release|Any CPU.ActiveCfg = Release|Any CPU
		{C6B9D0CC-3416-4161-9AA8-183A584EA823}.Release|Any CPU.Build.0 = Release|Any CPU
	EndGlobalSection
	GlobalSection(SolutionProperties) = preSolution
		HideSolutionNode = FALSE
	EndGlobalSection
	GlobalSection(ExtensibilityGlobals) = postSolution
		SolutionGuid = {1337BA3E-3936-4E19-8F4A-A317E757A75F}
	EndGlobalSection
EndGlobal
