
Microsoft Visual Studio Solution File, Format Version 12.00
# Visual Studio Version 16
VisualStudioVersion = 16.0.30002.166
MinimumVisualStudioVersion = 10.0.40219.1
Project("{FAE04EC0-301F-11D3-BF4B-00C04F79EFBC}") = "PruebaConstructor4", "PruebaConstructor4\PruebaConstructor4.csproj", "{18989A27-0718-4180-BE76-82F88A78C15A}"
EndProject
Global
	GlobalSection(SolutionConfigurationPlatforms) = preSolution
		Debug|Any CPU = Debug|Any CPU
		Release|Any CPU = Release|Any CPU
	EndGlobalSection
	GlobalSection(ProjectConfigurationPlatforms) = postSolution
		{18989A27-0718-4180-BE76-82F88A78C15A}.Debug|Any CPU.ActiveCfg = Debug|Any CPU
		{18989A27-0718-4180-BE76-82F88A78C15A}.Debug|Any CPU.Build.0 = Debug|Any CPU
		{18989A27-0718-4180-BE76-82F88A78C15A}.Release|Any CPU.ActiveCfg = Release|Any CPU
		{18989A27-0718-4180-BE76-82F88A78C15A}.Release|Any CPU.Build.0 = Release|Any CPU
	EndGlobalSection
	GlobalSection(SolutionProperties) = preSolution
		HideSolutionNode = FALSE
	EndGlobalSection
	GlobalSection(ExtensibilityGlobals) = postSolution
		SolutionGuid = {61350B46-2C0C-4E75-96EF-FC4A824F00D6}
	EndGlobalSection
EndGlobal
