
Microsoft Visual Studio Solution File, Format Version 12.00
# Visual Studio Version 16
VisualStudioVersion = 16.0.29911.84
MinimumVisualStudioVersion = 10.0.40219.1
Project("{FAE04EC0-301F-11D3-BF4B-00C04F79EFBC}") = "FechaNavidad", "FechaNavidad\FechaNavidad.csproj", "{0091EEEC-ED8F-4343-B01A-8D5B3D8F75DC}"
EndProject
Global
	GlobalSection(SolutionConfigurationPlatforms) = preSolution
		Debug|Any CPU = Debug|Any CPU
		Release|Any CPU = Release|Any CPU
	EndGlobalSection
	GlobalSection(ProjectConfigurationPlatforms) = postSolution
		{0091EEEC-ED8F-4343-B01A-8D5B3D8F75DC}.Debug|Any CPU.ActiveCfg = Debug|Any CPU
		{0091EEEC-ED8F-4343-B01A-8D5B3D8F75DC}.Debug|Any CPU.Build.0 = Debug|Any CPU
		{0091EEEC-ED8F-4343-B01A-8D5B3D8F75DC}.Release|Any CPU.ActiveCfg = Release|Any CPU
		{0091EEEC-ED8F-4343-B01A-8D5B3D8F75DC}.Release|Any CPU.Build.0 = Release|Any CPU
	EndGlobalSection
	GlobalSection(SolutionProperties) = preSolution
		HideSolutionNode = FALSE
	EndGlobalSection
	GlobalSection(ExtensibilityGlobals) = postSolution
		SolutionGuid = {6CF29384-0352-4A0E-AF63-88F7D7745608}
	EndGlobalSection
EndGlobal
