
Microsoft Visual Studio Solution File, Format Version 12.00
# Visual Studio Version 16
VisualStudioVersion = 16.0.30002.166
MinimumVisualStudioVersion = 10.0.40219.1
Project("{FAE04EC0-301F-11D3-BF4B-00C04F79EFBC}") = "Carga10valoresWhileSumaPromedio", "Carga10valoresWhileSumaPromedio\Carga10valoresWhileSumaPromedio.csproj", "{404BDC14-CA8E-443B-BD09-872C653E0B78}"
EndProject
Global
	GlobalSection(SolutionConfigurationPlatforms) = preSolution
		Debug|Any CPU = Debug|Any CPU
		Release|Any CPU = Release|Any CPU
	EndGlobalSection
	GlobalSection(ProjectConfigurationPlatforms) = postSolution
		{404BDC14-CA8E-443B-BD09-872C653E0B78}.Debug|Any CPU.ActiveCfg = Debug|Any CPU
		{404BDC14-CA8E-443B-BD09-872C653E0B78}.Debug|Any CPU.Build.0 = Debug|Any CPU
		{404BDC14-CA8E-443B-BD09-872C653E0B78}.Release|Any CPU.ActiveCfg = Release|Any CPU
		{404BDC14-CA8E-443B-BD09-872C653E0B78}.Release|Any CPU.Build.0 = Release|Any CPU
	EndGlobalSection
	GlobalSection(SolutionProperties) = preSolution
		HideSolutionNode = FALSE
	EndGlobalSection
	GlobalSection(ExtensibilityGlobals) = postSolution
		SolutionGuid = {89940E9B-DB0C-4251-BC53-54CA69DB3962}
	EndGlobalSection
EndGlobal
