
Microsoft Visual Studio Solution File, Format Version 12.00
# Visual Studio Version 16
VisualStudioVersion = 16.0.30002.166
MinimumVisualStudioVersion = 10.0.40219.1
Project("{FAE04EC0-301F-11D3-BF4B-00C04F79EFBC}") = "NotasAlumnosFor", "NotasAlumnosFor\NotasAlumnosFor.csproj", "{7CA8C977-0C2E-409D-92AD-D4E00D32BB07}"
EndProject
Global
	GlobalSection(SolutionConfigurationPlatforms) = preSolution
		Debug|Any CPU = Debug|Any CPU
		Release|Any CPU = Release|Any CPU
	EndGlobalSection
	GlobalSection(ProjectConfigurationPlatforms) = postSolution
		{7CA8C977-0C2E-409D-92AD-D4E00D32BB07}.Debug|Any CPU.ActiveCfg = Debug|Any CPU
		{7CA8C977-0C2E-409D-92AD-D4E00D32BB07}.Debug|Any CPU.Build.0 = Debug|Any CPU
		{7CA8C977-0C2E-409D-92AD-D4E00D32BB07}.Release|Any CPU.ActiveCfg = Release|Any CPU
		{7CA8C977-0C2E-409D-92AD-D4E00D32BB07}.Release|Any CPU.Build.0 = Release|Any CPU
	EndGlobalSection
	GlobalSection(SolutionProperties) = preSolution
		HideSolutionNode = FALSE
	EndGlobalSection
	GlobalSection(ExtensibilityGlobals) = postSolution
		SolutionGuid = {68EDE7C8-EF64-43F2-BFEB-B05D34CCE6B1}
	EndGlobalSection
EndGlobal
