
Microsoft Visual Studio Solution File, Format Version 12.00
# Visual Studio Version 16
VisualStudioVersion = 16.0.30002.166
MinimumVisualStudioVersion = 10.0.40219.1
Project("{FAE04EC0-301F-11D3-BF4B-00C04F79EFBC}") = "WindowsFormsApp4", "WindowsFormsApp4\WindowsFormsApp4.csproj", "{9572E362-2906-475A-8C52-60CE491A014E}"
EndProject
Global
	GlobalSection(SolutionConfigurationPlatforms) = preSolution
		Debug|Any CPU = Debug|Any CPU
		Release|Any CPU = Release|Any CPU
	EndGlobalSection
	GlobalSection(ProjectConfigurationPlatforms) = postSolution
		{9572E362-2906-475A-8C52-60CE491A014E}.Debug|Any CPU.ActiveCfg = Debug|Any CPU
		{9572E362-2906-475A-8C52-60CE491A014E}.Debug|Any CPU.Build.0 = Debug|Any CPU
		{9572E362-2906-475A-8C52-60CE491A014E}.Release|Any CPU.ActiveCfg = Release|Any CPU
		{9572E362-2906-475A-8C52-60CE491A014E}.Release|Any CPU.Build.0 = Release|Any CPU
	EndGlobalSection
	GlobalSection(SolutionProperties) = preSolution
		HideSolutionNode = FALSE
	EndGlobalSection
	GlobalSection(ExtensibilityGlobals) = postSolution
		SolutionGuid = {AFD47213-8281-4C86-B028-6240B335A706}
	EndGlobalSection
EndGlobal
