
Microsoft Visual Studio Solution File, Format Version 12.00
# Visual Studio Version 16
VisualStudioVersion = 16.0.30104.148
MinimumVisualStudioVersion = 10.0.40219.1
Project("{FAE04EC0-301F-11D3-BF4B-00C04F79EFBC}") = "Diccionario2", "Diccionario2.csproj", "{25CA4309-A333-44E6-9141-CCBDDEEFB913}"
EndProject
Global
	GlobalSection(SolutionConfigurationPlatforms) = preSolution
		Debug|Any CPU = Debug|Any CPU
		Release|Any CPU = Release|Any CPU
	EndGlobalSection
	GlobalSection(ProjectConfigurationPlatforms) = postSolution
		{25CA4309-A333-44E6-9141-CCBDDEEFB913}.Debug|Any CPU.ActiveCfg = Debug|Any CPU
		{25CA4309-A333-44E6-9141-CCBDDEEFB913}.Debug|Any CPU.Build.0 = Debug|Any CPU
		{25CA4309-A333-44E6-9141-CCBDDEEFB913}.Release|Any CPU.ActiveCfg = Release|Any CPU
		{25CA4309-A333-44E6-9141-CCBDDEEFB913}.Release|Any CPU.Build.0 = Release|Any CPU
	EndGlobalSection
	GlobalSection(SolutionProperties) = preSolution
		HideSolutionNode = FALSE
	EndGlobalSection
	GlobalSection(ExtensibilityGlobals) = postSolution
		SolutionGuid = {7168E15E-78E9-4741-A64E-7127079D2021}
	EndGlobalSection
EndGlobal
