
Microsoft Visual Studio Solution File, Format Version 12.00
# Visual Studio Version 16
VisualStudioVersion = 16.0.29911.84
MinimumVisualStudioVersion = 10.0.40219.1
Project("{FAE04EC0-301F-11D3-BF4B-00C04F79EFBC}") = "NivelAciertosTestEmpleo", "NivelAciertosTestEmpleo\NivelAciertosTestEmpleo.csproj", "{37E2736F-B753-4B19-B63A-333700914173}"
EndProject
Global
	GlobalSection(SolutionConfigurationPlatforms) = preSolution
		Debug|Any CPU = Debug|Any CPU
		Release|Any CPU = Release|Any CPU
	EndGlobalSection
	GlobalSection(ProjectConfigurationPlatforms) = postSolution
		{37E2736F-B753-4B19-B63A-333700914173}.Debug|Any CPU.ActiveCfg = Debug|Any CPU
		{37E2736F-B753-4B19-B63A-333700914173}.Debug|Any CPU.Build.0 = Debug|Any CPU
		{37E2736F-B753-4B19-B63A-333700914173}.Release|Any CPU.ActiveCfg = Release|Any CPU
		{37E2736F-B753-4B19-B63A-333700914173}.Release|Any CPU.Build.0 = Release|Any CPU
	EndGlobalSection
	GlobalSection(SolutionProperties) = preSolution
		HideSolutionNode = FALSE
	EndGlobalSection
	GlobalSection(ExtensibilityGlobals) = postSolution
		SolutionGuid = {0E3FF5A5-1581-4530-93D0-DB5CC699581B}
	EndGlobalSection
EndGlobal
