
Microsoft Visual Studio Solution File, Format Version 12.00
# Visual Studio Version 16
VisualStudioVersion = 16.0.30104.148
MinimumVisualStudioVersion = 10.0.40219.1
Project("{FAE04EC0-301F-11D3-BF4B-00C04F79EFBC}") = "PruebaExcepcion7", "PruebaExcepcion7.csproj", "{C7729B2A-1950-4199-9084-1F42A779C348}"
EndProject
Global
	GlobalSection(SolutionConfigurationPlatforms) = preSolution
		Debug|Any CPU = Debug|Any CPU
		Release|Any CPU = Release|Any CPU
	EndGlobalSection
	GlobalSection(ProjectConfigurationPlatforms) = postSolution
		{C7729B2A-1950-4199-9084-1F42A779C348}.Debug|Any CPU.ActiveCfg = Debug|Any CPU
		{C7729B2A-1950-4199-9084-1F42A779C348}.Debug|Any CPU.Build.0 = Debug|Any CPU
		{C7729B2A-1950-4199-9084-1F42A779C348}.Release|Any CPU.ActiveCfg = Release|Any CPU
		{C7729B2A-1950-4199-9084-1F42A779C348}.Release|Any CPU.Build.0 = Release|Any CPU
	EndGlobalSection
	GlobalSection(SolutionProperties) = preSolution
		HideSolutionNode = FALSE
	EndGlobalSection
	GlobalSection(ExtensibilityGlobals) = postSolution
		SolutionGuid = {E1F45CEB-E695-4AE8-B01A-97C6F110757A}
	EndGlobalSection
EndGlobal
