
Microsoft Visual Studio Solution File, Format Version 12.00
# Visual Studio Version 16
VisualStudioVersion = 16.0.30002.166
MinimumVisualStudioVersion = 10.0.40219.1
Project("{FAE04EC0-301F-11D3-BF4B-00C04F79EFBC}") = "MutiplosConFor", "MutiplosConFor\MutiplosConFor.csproj", "{EE9E56B6-7309-4C27-B7B2-D2D6E542D4EE}"
EndProject
Global
	GlobalSection(SolutionConfigurationPlatforms) = preSolution
		Debug|Any CPU = Debug|Any CPU
		Release|Any CPU = Release|Any CPU
	EndGlobalSection
	GlobalSection(ProjectConfigurationPlatforms) = postSolution
		{EE9E56B6-7309-4C27-B7B2-D2D6E542D4EE}.Debug|Any CPU.ActiveCfg = Debug|Any CPU
		{EE9E56B6-7309-4C27-B7B2-D2D6E542D4EE}.Debug|Any CPU.Build.0 = Debug|Any CPU
		{EE9E56B6-7309-4C27-B7B2-D2D6E542D4EE}.Release|Any CPU.ActiveCfg = Release|Any CPU
		{EE9E56B6-7309-4C27-B7B2-D2D6E542D4EE}.Release|Any CPU.Build.0 = Release|Any CPU
	EndGlobalSection
	GlobalSection(SolutionProperties) = preSolution
		HideSolutionNode = FALSE
	EndGlobalSection
	GlobalSection(ExtensibilityGlobals) = postSolution
		SolutionGuid = {B201316C-E1CF-4614-AB69-DFF7DFEEF976}
	EndGlobalSection
EndGlobal
