
Microsoft Visual Studio Solution File, Format Version 12.00
# Visual Studio Version 16
VisualStudioVersion = 16.0.30002.166
MinimumVisualStudioVersion = 10.0.40219.1
Project("{FAE04EC0-301F-11D3-BF4B-00C04F79EFBC}") = "PalabraClaveThis1", "PalabraClaveThis1.csproj", "{D809F643-B4B3-4694-A268-D21D17F4814E}"
EndProject
Global
	GlobalSection(SolutionConfigurationPlatforms) = preSolution
		Debug|Any CPU = Debug|Any CPU
		Release|Any CPU = Release|Any CPU
	EndGlobalSection
	GlobalSection(ProjectConfigurationPlatforms) = postSolution
		{D809F643-B4B3-4694-A268-D21D17F4814E}.Debug|Any CPU.ActiveCfg = Debug|Any CPU
		{D809F643-B4B3-4694-A268-D21D17F4814E}.Debug|Any CPU.Build.0 = Debug|Any CPU
		{D809F643-B4B3-4694-A268-D21D17F4814E}.Release|Any CPU.ActiveCfg = Release|Any CPU
		{D809F643-B4B3-4694-A268-D21D17F4814E}.Release|Any CPU.Build.0 = Release|Any CPU
	EndGlobalSection
	GlobalSection(SolutionProperties) = preSolution
		HideSolutionNode = FALSE
	EndGlobalSection
	GlobalSection(ExtensibilityGlobals) = postSolution
		SolutionGuid = {29CA0041-2A6B-40F2-96CB-CAE8FB348078}
	EndGlobalSection
EndGlobal
